
Microsoft Visual Studio Solution File, Format Version 12.00
# Visual Studio Version 17
VisualStudioVersion = 17.14.36429.23
MinimumVisualStudioVersion = 10.0.40219.1
Project("{FAE04EC0-301F-11D3-BF4B-00C04F79EFBC}") = "whatever-api", "whatever-api.csproj", "{9040A993-E99A-44C1-B752-29A889E14C1F}"
EndProject
Global
	GlobalSection(SolutionConfigurationPlatforms) = preSolution
		Debug|Any CPU = Debug|Any CPU
		Release|Any CPU = Release|Any CPU
	EndGlobalSection
	GlobalSection(ProjectConfigurationPlatforms) = postSolution
		{9040A993-E99A-44C1-B752-29A889E14C1F}.Debug|Any CPU.ActiveCfg = Debug|Any CPU
		{9040A993-E99A-44C1-B752-29A889E14C1F}.Debug|Any CPU.Build.0 = Debug|Any CPU
		{9040A993-E99A-44C1-B752-29A889E14C1F}.Release|Any CPU.ActiveCfg = Release|Any CPU
		{9040A993-E99A-44C1-B752-29A889E14C1F}.Release|Any CPU.Build.0 = Release|Any CPU
	EndGlobalSection
	GlobalSection(SolutionProperties) = preSolution
		HideSolutionNode = FALSE
	EndGlobalSection
	GlobalSection(ExtensibilityGlobals) = postSolution
		SolutionGuid = {67BA6E7A-22A7-4CE4-84DD-FB24F3185C50}
	EndGlobalSection
EndGlobal
